
Microsoft Visual Studio Solution File, Format Version 12.00
# Visual Studio Version 17
VisualStudioVersion = 17.0.31903.59
MinimumVisualStudioVersion = 10.0.40219.1
Project("{FAE04EC0-301F-11D3-BF4B-00C04F79EFBC}") = "QuickBite.Api", "QuickBite.Api\QuickBite.Api.csproj", "{2DABFBE1-FF1A-485C-A463-6F530FA7BF38}"
EndProject
Project("{FAE04EC0-301F-11D3-BF4B-00C04F79EFBC}") = "QuickBite.Api.Tests", "QuickBite.Api.Tests\QuickBite.Api.Tests.csproj", "{043F81AD-B190-4B76-A668-061DE2265A3D}"
EndProject
Global
	GlobalSection(SolutionConfigurationPlatforms) = preSolution
		Debug|Any CPU = Debug|Any CPU
		Release|Any CPU = Release|Any CPU
	EndGlobalSection
	GlobalSection(SolutionProperties) = preSolution
		HideSolutionNode = FALSE
	EndGlobalSection
	GlobalSection(ProjectConfigurationPlatforms) = postSolution
		{2DABFBE1-FF1A-485C-A463-6F530FA7BF38}.Debug|Any CPU.ActiveCfg = Debug|Any CPU
		{2DABFBE1-FF1A-485C-A463-6F530FA7BF38}.Debug|Any CPU.Build.0 = Debug|Any CPU
		{2DABFBE1-FF1A-485C-A463-6F530FA7BF38}.Release|Any CPU.ActiveCfg = Release|Any CPU
		{2DABFBE1-FF1A-485C-A463-6F530FA7BF38}.Release|Any CPU.Build.0 = Release|Any CPU
		{043F81AD-B190-4B76-A668-061DE2265A3D}.Debug|Any CPU.ActiveCfg = Debug|Any CPU
		{043F81AD-B190-4B76-A668-061DE2265A3D}.Debug|Any CPU.Build.0 = Debug|Any CPU
		{043F81AD-B190-4B76-A668-061DE2265A3D}.Release|Any CPU.ActiveCfg = Release|Any CPU
		{043F81AD-B190-4B76-A668-061DE2265A3D}.Release|Any CPU.Build.0 = Release|Any CPU
	EndGlobalSection
EndGlobal
